github.com/go-webauthn/webauthn v0.17.3 h1:XHZ0TXV7k8vChcE4TFgPitOPJ5cb7h1dpAeFDS0cjCo=
github.com/go-webauthn/webauthn v0.17.3/go.mod h1:PlkMgmuL9McCT7dvgBj/Sz/fgs3V6ZID6/KnFkEcPvQ=
github.com/seyallius/doppel v1.2.7 h1:4WeVZNI568bkHbcayh9yB/SV/qcqB62AQKZnVDR8sc4=
github.com/seyallius/doppel v1.2.7/go.mod h1:NXi8R6cd0orDXky1pfceITGZH0EKKJE3hHyHLyWkUC4=
